
Microsoft Visual Studio Solution File, Format Version 12.00
# Visual Studio 11
Project("{FAE04EC0-301F-11D3-BF4B-00C04F79EFBC}") = "InfiniteChests", "InfiniteChests\InfiniteChests.csproj", "{7B885A35-613B-4702-A29D-2E51CC903A54}"
Microsoft Visual Studio Solution File, Format Version 11.00
# Visual Studio 2010
Project("{FAE04EC0-301F-11D3-BF4B-00C04F79EFBC}") = "InfiniteChests", "InfiniteChests.csproj", "{15D64858-CFA9-4528-8300-F62FCD3038BE}"
EndProject
Global
	GlobalSection(SolutionConfigurationPlatforms) = preSolution
		Debug|Any CPU = Debug|Any CPU
		Release|Any CPU = Release|Any CPU
	EndGlobalSection
	GlobalSection(ProjectConfigurationPlatforms) = postSolution
		{7B885A35-613B-4702-A29D-2E51CC903A54}.Debug|Any CPU.ActiveCfg = Debug|Any CPU
		{7B885A35-613B-4702-A29D-2E51CC903A54}.Debug|Any CPU.Build.0 = Debug|Any CPU
		{7B885A35-613B-4702-A29D-2E51CC903A54}.Release|Any CPU.ActiveCfg = Release|Any CPU
		{7B885A35-613B-4702-A29D-2E51CC903A54}.Release|Any CPU.Build.0 = Release|Any CPU
		{15D64858-CFA9-4528-8300-F62FCD3038BE}.Debug|Any CPU.ActiveCfg = Debug|Any CPU
		{15D64858-CFA9-4528-8300-F62FCD3038BE}.Debug|Any CPU.Build.0 = Debug|Any CPU
		{15D64858-CFA9-4528-8300-F62FCD3038BE}.Release|Any CPU.ActiveCfg = Release|Any CPU
		{15D64858-CFA9-4528-8300-F62FCD3038BE}.Release|Any CPU.Build.0 = Release|Any CPU
	EndGlobalSection
	GlobalSection(SolutionProperties) = preSolution
		HideSolutionNode = FALSE
	EndGlobalSection
EndGlobal
